{
    "_readme": [
        "This file locks the dependencies of your project to a known state",
        "Read more about it at https://getcomposer.org/doc/01-basic-usage.md#installing-dependencies",
        "This file is @generated automatically"
    ],
    "content-hash": "75caa7bc96bfa27c538fc7085b52cd1b",
    "packages": [
        {
            "name": "limenius/liform",
            "version": "dev-dev",
            "source": {
                "type": "git",
                "url": "https://github.com/demroos/Liform.git",
                "reference": "c593e59a744eead91dc52f966c78be2c1b1469a8"
            },
            "dist": {
                "type": "zip",
                "url": "https://api.github.com/repos/demroos/Liform/zipball/c593e59a744eead91dc52f966c78be2c1b1469a8",
                "reference": "c593e59a744eead91dc52f966c78be2c1b1469a8",
                "shasum": ""
            },
            "require": {
                "symfony/form": "~2.8|~3.0|^4.0|^5.0",
                "symfony/serializer": "~2.8|~3.0|^4.0|^5.0",
                "symfony/translation": "~2.3|~3.0|^4.0|^5.0"
            },
            "require-dev": {
                "escapestudios/symfony2-coding-standard": "^2.9",
                "squizlabs/php_codesniffer": "^2.5",
                "wimg/php-compatibility": "^7.0"
            },
            "type": "library",
            "autoload": {
                "psr-4": {
                    "Limenius\\Liform\\": "src/Limenius/Liform"
                }
            },
            "autoload-dev": {
                "psr-4": {
                    "Limenius\\Liform\\Tests\\": "tests/Limenius/Liform/Tests"
                }
            },
            "scripts": {
                "default-scripts": [
                    "rm -rf vendor/squizlabs/php_codesniffer/CodeSniffer/Standards/PHPCompatibility; cp -rp vendor/wimg/php-compatibility vendor/squizlabs/php_codesniffer/CodeSniffer/Standards/PHPCompatibility"
                ],
                "post-install-cmd": [
                    "@default-scripts"
                ],
                "post-update-cmd": [
                    "@default-scripts"
                ],
                "test": [
                    "phpunit"
                ],
                "cs": [
                    "phpcs --standard=ruleset.xml -p"
                ]
            },
            "license": [
                "MIT"
            ],
            "authors": [
                {
                    "name": "Nacho Martín",
                    "email": "nacho@limenius.com"
                }
            ],
            "description": "Library to transform Symfony Forms into Json Schema",
            "support": {
                "source": "https://github.com/demroos/Liform/tree/dev"
            },
            "time": "2020-03-27T12:19:35+00:00"
        },
        {
            "name": "psr/container",
            "version": "1.0.0",
            "source": {
                "type": "git",
                "url": "https://github.com/php-fig/container.git",
                "reference": "b7ce3b176482dbbc1245ebf52b181af44c2cf55f"
            },
            "dist": {
                "type": "zip",
                "url": "https://api.github.com/repos/php-fig/container/zipball/b7ce3b176482dbbc1245ebf52b181af44c2cf55f",
                "reference": "b7ce3b176482dbbc1245ebf52b181af44c2cf55f",
                "shasum": ""
            },
            "require": {
                "php": ">=5.3.0"
            },
            "type": "library",
            "extra": {
                "branch-alias": {
                    "dev-master": "1.0.x-dev"
                }
            },
            "autoload": {
                "psr-4": {
                    "Psr\\Container\\": "src/"
                }
            },
            "notification-url": "https://packagist.org/downloads/",
            "license": [
                "MIT"
            ],
            "authors": [
                {
                    "name": "PHP-FIG",
                    "homepage": "http://www.php-fig.org/"
                }
            ],
            "description": "Common Container Interface (PHP FIG PSR-11)",
            "homepage": "https://github.com/php-fig/container",
            "keywords": [
                "PSR-11",
                "container",
                "container-interface",
                "container-interop",
                "psr"
            ],
            "time": "2017-02-14T16:28:37+00:00"
        },
        {
            "name": "psr/event-dispatcher",
            "version": "1.0.0",
            "source": {
                "type": "git",
                "url": "https://github.com/php-fig/event-dispatcher.git",
                "reference": "dbefd12671e8a14ec7f180cab83036ed26714bb0"
            },
            "dist": {
                "type": "zip",
                "url": "https://api.github.com/repos/php-fig/event-dispatcher/zipball/dbefd12671e8a14ec7f180cab83036ed26714bb0",
                "reference": "dbefd12671e8a14ec7f180cab83036ed26714bb0",
                "shasum": ""
            },
            "require": {
                "php": ">=7.2.0"
            },
            "type": "library",
            "extra": {
                "branch-alias": {
                    "dev-master": "1.0.x-dev"
                }
            },
            "autoload": {
                "psr-4": {
                    "Psr\\EventDispatcher\\": "src/"
                }
            },
            "notification-url": "https://packagist.org/downloads/",
            "license": [
                "MIT"
            ],
            "authors": [
                {
                    "name": "PHP-FIG",
                    "homepage": "http://www.php-fig.org/"
                }
            ],
            "description": "Standard interfaces for event handling.",
            "keywords": [
                "events",
                "psr",
                "psr-14"
            ],
            "time": "2019-01-08T18:20:26+00:00"
        },
        {
            "name": "symfony/event-dispatcher",
            "version": "v5.0.5",
            "source": {
                "type": "git",
                "url": "https://github.com/symfony/event-dispatcher.git",
                "reference": "b45ad88b253c5a9702ce218e201d89c85d148cea"
            },
            "dist": {
                "type": "zip",
                "url": "https://api.github.com/repos/symfony/event-dispatcher/zipball/b45ad88b253c5a9702ce218e201d89c85d148cea",
                "reference": "b45ad88b253c5a9702ce218e201d89c85d148cea",
                "shasum": ""
            },
            "require": {
                "php": "^7.2.5",
                "symfony/event-dispatcher-contracts": "^2"
            },
            "conflict": {
                "symfony/dependency-injection": "<4.4"
            },
            "provide": {
                "psr/event-dispatcher-implementation": "1.0",
                "symfony/event-dispatcher-implementation": "2.0"
            },
            "require-dev": {
                "psr/log": "~1.0",
                "symfony/config": "^4.4|^5.0",
                "symfony/dependency-injection": "^4.4|^5.0",
                "symfony/expression-language": "^4.4|^5.0",
                "symfony/http-foundation": "^4.4|^5.0",
                "symfony/service-contracts": "^1.1|^2",
                "symfony/stopwatch": "^4.4|^5.0"
            },
            "suggest": {
                "symfony/dependency-injection": "",
                "symfony/http-kernel": ""
            },
            "type": "library",
            "extra": {
                "branch-alias": {
                    "dev-master": "5.0-dev"
                }
            },
            "autoload": {
                "psr-4": {
                    "Symfony\\Component\\EventDispatcher\\": ""
                },
                "exclude-from-classmap": [
                    "/Tests/"
                ]
            },
            "notification-url": "https://packagist.org/downloads/",
            "license": [
                "MIT"
            ],
            "authors": [
                {
                    "name": "Fabien Potencier",
                    "email": "fabien@symfony.com"
                },
                {
                    "name": "Symfony Community",
                    "homepage": "https://symfony.com/contributors"
                }
            ],
            "description": "Symfony EventDispatcher Component",
            "homepage": "https://symfony.com",
            "time": "2020-02-22T20:09:08+00:00"
        },
        {
            "name": "symfony/event-dispatcher-contracts",
            "version": "v2.0.1",
            "source": {
                "type": "git",
                "url": "https://github.com/symfony/event-dispatcher-contracts.git",
                "reference": "af23c2584d4577d54661c434446fb8fbed6025dd"
            },
            "dist": {
                "type": "zip",
                "url": "https://api.github.com/repos/symfony/event-dispatcher-contracts/zipball/af23c2584d4577d54661c434446fb8fbed6025dd",
                "reference": "af23c2584d4577d54661c434446fb8fbed6025dd",
                "shasum": ""
            },
            "require": {
                "php": "^7.2.5",
                "psr/event-dispatcher": "^1"
            },
            "suggest": {
                "symfony/event-dispatcher-implementation": ""
            },
            "type": "library",
            "extra": {
                "branch-alias": {
                    "dev-master": "2.0-dev"
                }
            },
            "autoload": {
                "psr-4": {
                    "Symfony\\Contracts\\EventDispatcher\\": ""
                }
            },
            "notification-url": "https://packagist.org/downloads/",
            "license": [
                "MIT"
            ],
            "authors": [
                {
                    "name": "Nicolas Grekas",
                    "email": "p@tchwork.com"
                },
                {
                    "name": "Symfony Community",
                    "homepage": "https://symfony.com/contributors"
                }
            ],
            "description": "Generic abstractions related to dispatching event",
            "homepage": "https://symfony.com",
            "keywords": [
                "abstractions",
                "contracts",
                "decoupling",
                "interfaces",
                "interoperability",
                "standards"
            ],
            "time": "2019-11-18T17:27:11+00:00"
        },
        {
            "name": "symfony/form",
            "version": "v5.0.5",
            "source": {
                "type": "git",
                "url": "https://github.com/symfony/form.git",
                "reference": "7d3afc4f0776904bb199317ae71b6a0fc46e5e5d"
            },
            "dist": {
                "type": "zip",
                "url": "https://api.github.com/repos/symfony/form/zipball/7d3afc4f0776904bb199317ae71b6a0fc46e5e5d",
                "reference": "7d3afc4f0776904bb199317ae71b6a0fc46e5e5d",
                "shasum": ""
            },
            "require": {
                "php": "^7.2.5",
                "symfony/event-dispatcher": "^4.4|^5.0",
                "symfony/intl": "^4.4|^5.0",
                "symfony/options-resolver": "^5.0",
                "symfony/polyfill-ctype": "~1.8",
                "symfony/polyfill-mbstring": "~1.0",
                "symfony/property-access": "^5.0",
                "symfony/service-contracts": "^1.1|^2"
            },
            "conflict": {
                "phpunit/phpunit": "<5.4.3",
                "symfony/console": "<4.4",
                "symfony/dependency-injection": "<4.4",
                "symfony/doctrine-bridge": "<4.4",
                "symfony/framework-bundle": "<4.4",
                "symfony/http-kernel": "<4.4",
                "symfony/intl": "<4.4",
                "symfony/translation": "<4.4",
                "symfony/twig-bridge": "<4.4"
            },
            "require-dev": {
                "doctrine/collections": "~1.0",
                "symfony/config": "^4.4|^5.0",
                "symfony/console": "^4.4|^5.0",
                "symfony/dependency-injection": "^4.4|^5.0",
                "symfony/http-foundation": "^4.4|^5.0",
                "symfony/http-kernel": "^4.4|^5.0",
                "symfony/security-csrf": "^4.4|^5.0",
                "symfony/translation": "^4.4|^5.0",
                "symfony/validator": "^4.4|^5.0",
                "symfony/var-dumper": "^4.4|^5.0"
            },
            "suggest": {
                "symfony/security-csrf": "For protecting forms against CSRF attacks.",
                "symfony/twig-bridge": "For templating with Twig.",
                "symfony/validator": "For form validation."
            },
            "type": "library",
            "extra": {
                "branch-alias": {
                    "dev-master": "5.0-dev"
                }
            },
            "autoload": {
                "psr-4": {
                    "Symfony\\Component\\Form\\": ""
                },
                "exclude-from-classmap": [
                    "/Tests/"
                ]
            },
            "notification-url": "https://packagist.org/downloads/",
            "license": [
                "MIT"
            ],
            "authors": [
                {
                    "name": "Fabien Potencier",
                    "email": "fabien@symfony.com"
                },
                {
                    "name": "Symfony Community",
                    "homepage": "https://symfony.com/contributors"
                }
            ],
            "description": "Symfony Form Component",
            "homepage": "https://symfony.com",
            "time": "2020-02-29T10:07:09+00:00"
        },
        {
            "name": "symfony/inflector",
            "version": "v5.0.5",
            "source": {
                "type": "git",
                "url": "https://github.com/symfony/inflector.git",
                "reference": "e375603b6bd12e8e3aec3fc1b640ac18a4ef4cb2"
            },
            "dist": {
                "type": "zip",
                "url": "https://api.github.com/repos/symfony/inflector/zipball/e375603b6bd12e8e3aec3fc1b640ac18a4ef4cb2",
                "reference": "e375603b6bd12e8e3aec3fc1b640ac18a4ef4cb2",
                "shasum": ""
            },
            "require": {
                "php": "^7.2.5",
                "symfony/polyfill-ctype": "~1.8"
            },
            "type": "library",
            "extra": {
                "branch-alias": {
                    "dev-master": "5.0-dev"
                }
            },
            "autoload": {
                "psr-4": {
                    "Symfony\\Component\\Inflector\\": ""
                },
                "exclude-from-classmap": [
                    "/Tests/"
                ]
            },
            "notification-url": "https://packagist.org/downloads/",
            "license": [
                "MIT"
            ],
            "authors": [
                {
                    "name": "Bernhard Schussek",
                    "email": "bschussek@gmail.com"
                },
                {
                    "name": "Symfony Community",
                    "homepage": "https://symfony.com/contributors"
                }
            ],
            "description": "Symfony Inflector Component",
            "homepage": "https://symfony.com",
            "keywords": [
                "inflection",
                "pluralize",
                "singularize",
                "string",
                "symfony",
                "words"
            ],
            "time": "2020-01-04T14:08:26+00:00"
        },
        {
            "name": "symfony/intl",
            "version": "v5.0.5",
            "source": {
                "type": "git",
                "url": "https://github.com/symfony/intl.git",
                "reference": "2d1fb70e6e1c455a123218bebf6287d025c5bac5"
            },
            "dist": {
                "type": "zip",
                "url": "https://api.github.com/repos/symfony/intl/zipball/2d1fb70e6e1c455a123218bebf6287d025c5bac5",
                "reference": "2d1fb70e6e1c455a123218bebf6287d025c5bac5",
                "shasum": ""
            },
            "require": {
                "php": "^7.2.5",
                "symfony/polyfill-intl-icu": "~1.0"
            },
            "require-dev": {
                "symfony/filesystem": "^4.4|^5.0"
            },
            "suggest": {
                "ext-intl": "to use the component with locales other than \"en\""
            },
            "type": "library",
            "extra": {
                "branch-alias": {
                    "dev-master": "5.0-dev"
                }
            },
            "autoload": {
                "psr-4": {
                    "Symfony\\Component\\Intl\\": ""
                },
                "classmap": [
                    "Resources/stubs"
                ],
                "exclude-from-classmap": [
                    "/Tests/"
                ]
            },
            "notification-url": "https://packagist.org/downloads/",
            "license": [
                "MIT"
            ],
            "authors": [
                {
                    "name": "Bernhard Schussek",
                    "email": "bschussek@gmail.com"
                },
                {
                    "name": "Eriksen Costa",
                    "email": "eriksen.costa@infranology.com.br"
                },
                {
                    "name": "Igor Wiedler",
                    "email": "igor@wiedler.ch"
                },
                {
                    "name": "Symfony Community",
                    "homepage": "https://symfony.com/contributors"
                }
            ],
            "description": "A PHP replacement layer for the C intl extension that includes additional data from the ICU library.",
            "homepage": "https://symfony.com",
            "keywords": [
                "i18n",
                "icu",
                "internationalization",
                "intl",
                "l10n",
                "localization"
            ],
            "time": "2020-02-04T09:41:09+00:00"
        },
        {
            "name": "symfony/options-resolver",
            "version": "v5.0.5",
            "source": {
                "type": "git",
                "url": "https://github.com/symfony/options-resolver.git",
                "reference": "b1ab86ce52b0c0abe031367a173005a025e30e04"
            },
            "dist": {
                "type": "zip",
                "url": "https://api.github.com/repos/symfony/options-resolver/zipball/b1ab86ce52b0c0abe031367a173005a025e30e04",
                "reference": "b1ab86ce52b0c0abe031367a173005a025e30e04",
                "shasum": ""
            },
            "require": {
                "php": "^7.2.5"
            },
            "type": "library",
            "extra": {
                "branch-alias": {
                    "dev-master": "5.0-dev"
                }
            },
            "autoload": {
                "psr-4": {
                    "Symfony\\Component\\OptionsResolver\\": ""
                },
                "exclude-from-classmap": [
                    "/Tests/"
                ]
            },
            "notification-url": "https://packagist.org/downloads/",
            "license": [
                "MIT"
            ],
            "authors": [
                {
                    "name": "Fabien Potencier",
                    "email": "fabien@symfony.com"
                },
                {
                    "name": "Symfony Community",
                    "homepage": "https://symfony.com/contributors"
                }
            ],
            "description": "Symfony OptionsResolver Component",
            "homepage": "https://symfony.com",
            "keywords": [
                "config",
                "configuration",
                "options"
            ],
            "time": "2020-01-04T14:08:26+00:00"
        },
        {
            "name": "symfony/polyfill-ctype",
            "version": "v1.15.0",
            "source": {
                "type": "git",
                "url": "https://github.com/symfony/polyfill-ctype.git",
                "reference": "4719fa9c18b0464d399f1a63bf624b42b6fa8d14"
            },
            "dist": {
                "type": "zip",
                "url": "https://api.github.com/repos/symfony/polyfill-ctype/zipball/4719fa9c18b0464d399f1a63bf624b42b6fa8d14",
                "reference": "4719fa9c18b0464d399f1a63bf624b42b6fa8d14",
                "shasum": ""
            },
            "require": {
                "php": ">=5.3.3"
            },
            "suggest": {
                "ext-ctype": "For best performance"
            },
            "type": "library",
            "extra": {
                "branch-alias": {
                    "dev-master": "1.15-dev"
                }
            },
            "autoload": {
                "psr-4": {
                    "Symfony\\Polyfill\\Ctype\\": ""
                },
                "files": [
                    "bootstrap.php"
                ]
            },
            "notification-url": "https://packagist.org/downloads/",
            "license": [
                "MIT"
            ],
            "authors": [
                {
                    "name": "Gert de Pagter",
                    "email": "BackEndTea@gmail.com"
                },
                {
                    "name": "Symfony Community",
                    "homepage": "https://symfony.com/contributors"
                }
            ],
            "description": "Symfony polyfill for ctype functions",
            "homepage": "https://symfony.com",
            "keywords": [
                "compatibility",
                "ctype",
                "polyfill",
                "portable"
            ],
            "time": "2020-02-27T09:26:54+00:00"
        },
        {
            "name": "symfony/polyfill-intl-icu",
            "version": "v1.15.0",
            "source": {
                "type": "git",
                "url": "https://github.com/symfony/polyfill-intl-icu.git",
                "reference": "9c281272735eb66476e0fa7381e03fb0d4b60197"
            },
            "dist": {
                "type": "zip",
                "url": "https://api.github.com/repos/symfony/polyfill-intl-icu/zipball/9c281272735eb66476e0fa7381e03fb0d4b60197",
                "reference": "9c281272735eb66476e0fa7381e03fb0d4b60197",
                "shasum": ""
            },
            "require": {
                "php": ">=5.3.3",
                "symfony/intl": "~2.3|~3.0|~4.0|~5.0"
            },
            "suggest": {
                "ext-intl": "For best performance"
            },
            "type": "library",
            "extra": {
                "branch-alias": {
                    "dev-master": "1.15-dev"
                }
            },
            "autoload": {
                "files": [
                    "bootstrap.php"
                ]
            },
            "notification-url": "https://packagist.org/downloads/",
            "license": [
                "MIT"
            ],
            "authors": [
                {
                    "name": "Nicolas Grekas",
                    "email": "p@tchwork.com"
                },
                {
                    "name": "Symfony Community",
                    "homepage": "https://symfony.com/contributors"
                }
            ],
            "description": "Symfony polyfill for intl's ICU-related data and classes",
            "homepage": "https://symfony.com",
            "keywords": [
                "compatibility",
                "icu",
                "intl",
                "polyfill",
                "portable",
                "shim"
            ],
            "time": "2020-02-27T09:26:54+00:00"
        },
        {
            "name": "symfony/polyfill-mbstring",
            "version": "v1.15.0",
            "source": {
                "type": "git",
                "url": "https://github.com/symfony/polyfill-mbstring.git",
                "reference": "81ffd3a9c6d707be22e3012b827de1c9775fc5ac"
            },
            "dist": {
                "type": "zip",
                "url": "https://api.github.com/repos/symfony/polyfill-mbstring/zipball/81ffd3a9c6d707be22e3012b827de1c9775fc5ac",
                "reference": "81ffd3a9c6d707be22e3012b827de1c9775fc5ac",
                "shasum": ""
            },
            "require": {
                "php": ">=5.3.3"
            },
            "suggest": {
                "ext-mbstring": "For best performance"
            },
            "type": "library",
            "extra": {
                "branch-alias": {
                    "dev-master": "1.15-dev"
                }
            },
            "autoload": {
                "psr-4": {
                    "Symfony\\Polyfill\\Mbstring\\": ""
                },
                "files": [
                    "bootstrap.php"
                ]
            },
            "notification-url": "https://packagist.org/downloads/",
            "license": [
                "MIT"
            ],
            "authors": [
                {
                    "name": "Nicolas Grekas",
                    "email": "p@tchwork.com"
                },
                {
                    "name": "Symfony Community",
                    "homepage": "https://symfony.com/contributors"
                }
            ],
            "description": "Symfony polyfill for the Mbstring extension",
            "homepage": "https://symfony.com",
            "keywords": [
                "compatibility",
                "mbstring",
                "polyfill",
                "portable",
                "shim"
            ],
            "time": "2020-03-09T19:04:49+00:00"
        },
        {
            "name": "symfony/property-access",
            "version": "v5.0.5",
            "source": {
                "type": "git",
                "url": "https://github.com/symfony/property-access.git",
                "reference": "18617a8c26b97a262f816c78765eb3cd91630e19"
            },
            "dist": {
                "type": "zip",
                "url": "https://api.github.com/repos/symfony/property-access/zipball/18617a8c26b97a262f816c78765eb3cd91630e19",
                "reference": "18617a8c26b97a262f816c78765eb3cd91630e19",
                "shasum": ""
            },
            "require": {
                "php": "^7.2.5",
                "symfony/inflector": "^4.4|^5.0"
            },
            "require-dev": {
                "symfony/cache": "^4.4|^5.0"
            },
            "suggest": {
                "psr/cache-implementation": "To cache access methods."
            },
            "type": "library",
            "extra": {
                "branch-alias": {
                    "dev-master": "5.0-dev"
                }
            },
            "autoload": {
                "psr-4": {
                    "Symfony\\Component\\PropertyAccess\\": ""
                },
                "exclude-from-classmap": [
                    "/Tests/"
                ]
            },
            "notification-url": "https://packagist.org/downloads/",
            "license": [
                "MIT"
            ],
            "authors": [
                {
                    "name": "Fabien Potencier",
                    "email": "fabien@symfony.com"
                },
                {
                    "name": "Symfony Community",
                    "homepage": "https://symfony.com/contributors"
                }
            ],
            "description": "Symfony PropertyAccess Component",
            "homepage": "https://symfony.com",
            "keywords": [
                "access",
                "array",
                "extraction",
                "index",
                "injection",
                "object",
                "property",
                "property path",
                "reflection"
            ],
            "time": "2020-01-04T14:08:26+00:00"
        },
        {
            "name": "symfony/serializer",
            "version": "v5.0.5",
            "source": {
                "type": "git",
                "url": "https://github.com/symfony/serializer.git",
                "reference": "4411e7356beda717880da28cdbd32b33c52bb894"
            },
            "dist": {
                "type": "zip",
                "url": "https://api.github.com/repos/symfony/serializer/zipball/4411e7356beda717880da28cdbd32b33c52bb894",
                "reference": "4411e7356beda717880da28cdbd32b33c52bb894",
                "shasum": ""
            },
            "require": {
                "php": "^7.2.5",
                "symfony/polyfill-ctype": "~1.8"
            },
            "conflict": {
                "phpdocumentor/type-resolver": "<0.2.1",
                "symfony/dependency-injection": "<4.4",
                "symfony/property-access": "<4.4",
                "symfony/property-info": "<4.4",
                "symfony/yaml": "<4.4"
            },
            "require-dev": {
                "doctrine/annotations": "~1.0",
                "doctrine/cache": "~1.0",
                "phpdocumentor/reflection-docblock": "^3.2|^4.0",
                "symfony/cache": "^4.4|^5.0",
                "symfony/config": "^4.4|^5.0",
                "symfony/dependency-injection": "^4.4|^5.0",
                "symfony/error-handler": "^4.4|^5.0",
                "symfony/http-foundation": "^4.4|^5.0",
                "symfony/mime": "^4.4|^5.0",
                "symfony/property-access": "^4.4|^5.0",
                "symfony/property-info": "^4.4|^5.0",
                "symfony/validator": "^4.4|^5.0",
                "symfony/yaml": "^4.4|^5.0"
            },
            "suggest": {
                "doctrine/annotations": "For using the annotation mapping. You will also need doctrine/cache.",
                "doctrine/cache": "For using the default cached annotation reader and metadata cache.",
                "psr/cache-implementation": "For using the metadata cache.",
                "symfony/config": "For using the XML mapping loader.",
                "symfony/mime": "For using a MIME type guesser within the DataUriNormalizer.",
                "symfony/property-access": "For using the ObjectNormalizer.",
                "symfony/property-info": "To deserialize relations.",
                "symfony/yaml": "For using the default YAML mapping loader."
            },
            "type": "library",
            "extra": {
                "branch-alias": {
                    "dev-master": "5.0-dev"
                }
            },
            "autoload": {
                "psr-4": {
                    "Symfony\\Component\\Serializer\\": ""
                },
                "exclude-from-classmap": [
                    "/Tests/"
                ]
            },
            "notification-url": "https://packagist.org/downloads/",
            "license": [
                "MIT"
            ],
            "authors": [
                {
                    "name": "Fabien Potencier",
                    "email": "fabien@symfony.com"
                },
                {
                    "name": "Symfony Community",
                    "homepage": "https://symfony.com/contributors"
                }
            ],
            "description": "Symfony Serializer Component",
            "homepage": "https://symfony.com",
            "time": "2020-02-29T10:07:09+00:00"
        },
        {
            "name": "symfony/service-contracts",
            "version": "v2.0.1",
            "source": {
                "type": "git",
                "url": "https://github.com/symfony/service-contracts.git",
                "reference": "144c5e51266b281231e947b51223ba14acf1a749"
            },
            "dist": {
                "type": "zip",
                "url": "https://api.github.com/repos/symfony/service-contracts/zipball/144c5e51266b281231e947b51223ba14acf1a749",
                "reference": "144c5e51266b281231e947b51223ba14acf1a749",
                "shasum": ""
            },
            "require": {
                "php": "^7.2.5",
                "psr/container": "^1.0"
            },
            "suggest": {
                "symfony/service-implementation": ""
            },
            "type": "library",
            "extra": {
                "branch-alias": {
                    "dev-master": "2.0-dev"
                }
            },
            "autoload": {
                "psr-4": {
                    "Symfony\\Contracts\\Service\\": ""
                }
            },
            "notification-url": "https://packagist.org/downloads/",
            "license": [
                "MIT"
            ],
            "authors": [
                {
                    "name": "Nicolas Grekas",
                    "email": "p@tchwork.com"
                },
                {
                    "name": "Symfony Community",
                    "homepage": "https://symfony.com/contributors"
                }
            ],
            "description": "Generic abstractions related to writing services",
            "homepage": "https://symfony.com",
            "keywords": [
                "abstractions",
                "contracts",
                "decoupling",
                "interfaces",
                "interoperability",
                "standards"
            ],
            "time": "2019-11-18T17:27:11+00:00"
        },
        {
            "name": "symfony/translation",
            "version": "v5.0.5",
            "source": {
                "type": "git",
                "url": "https://github.com/symfony/translation.git",
                "reference": "e9b93f42a1fd6aec6a0872d59ee5c8219a7d584b"
            },
            "dist": {
                "type": "zip",
                "url": "https://api.github.com/repos/symfony/translation/zipball/e9b93f42a1fd6aec6a0872d59ee5c8219a7d584b",
                "reference": "e9b93f42a1fd6aec6a0872d59ee5c8219a7d584b",
                "shasum": ""
            },
            "require": {
                "php": "^7.2.5",
                "symfony/polyfill-mbstring": "~1.0",
                "symfony/translation-contracts": "^2"
            },
            "conflict": {
                "symfony/config": "<4.4",
                "symfony/dependency-injection": "<5.0",
                "symfony/http-kernel": "<5.0",
                "symfony/twig-bundle": "<5.0",
                "symfony/yaml": "<4.4"
            },
            "provide": {
                "symfony/translation-implementation": "2.0"
            },
            "require-dev": {
                "psr/log": "~1.0",
                "symfony/config": "^4.4|^5.0",
                "symfony/console": "^4.4|^5.0",
                "symfony/dependency-injection": "^5.0",
                "symfony/finder": "^4.4|^5.0",
                "symfony/http-kernel": "^5.0",
                "symfony/intl": "^4.4|^5.0",
                "symfony/service-contracts": "^1.1.2|^2",
                "symfony/yaml": "^4.4|^5.0"
            },
            "suggest": {
                "psr/log-implementation": "To use logging capability in translator",
                "symfony/config": "",
                "symfony/yaml": ""
            },
            "type": "library",
            "extra": {
                "branch-alias": {
                    "dev-master": "5.0-dev"
                }
            },
            "autoload": {
                "psr-4": {
                    "Symfony\\Component\\Translation\\": ""
                },
                "exclude-from-classmap": [
                    "/Tests/"
                ]
            },
            "notification-url": "https://packagist.org/downloads/",
            "license": [
                "MIT"
            ],
            "authors": [
                {
                    "name": "Fabien Potencier",
                    "email": "fabien@symfony.com"
                },
                {
                    "name": "Symfony Community",
                    "homepage": "https://symfony.com/contributors"
                }
            ],
            "description": "Symfony Translation Component",
            "homepage": "https://symfony.com",
            "time": "2020-02-04T07:41:34+00:00"
        },
        {
            "name": "symfony/translation-contracts",
            "version": "v2.0.1",
            "source": {
                "type": "git",
                "url": "https://github.com/symfony/translation-contracts.git",
                "reference": "8cc682ac458d75557203b2f2f14b0b92e1c744ed"
            },
            "dist": {
                "type": "zip",
                "url": "https://api.github.com/repos/symfony/translation-contracts/zipball/8cc682ac458d75557203b2f2f14b0b92e1c744ed",
                "reference": "8cc682ac458d75557203b2f2f14b0b92e1c744ed",
                "shasum": ""
            },
            "require": {
                "php": "^7.2.5"
            },
            "suggest": {
                "symfony/translation-implementation": ""
            },
            "type": "library",
            "extra": {
                "branch-alias": {
                    "dev-master": "2.0-dev"
                }
            },
            "autoload": {
                "psr-4": {
                    "Symfony\\Contracts\\Translation\\": ""
                }
            },
            "notification-url": "https://packagist.org/downloads/",
            "license": [
                "MIT"
            ],
            "authors": [
                {
                    "name": "Nicolas Grekas",
                    "email": "p@tchwork.com"
                },
                {
                    "name": "Symfony Community",
                    "homepage": "https://symfony.com/contributors"
                }
            ],
            "description": "Generic abstractions related to translation",
            "homepage": "https://symfony.com",
            "keywords": [
                "abstractions",
                "contracts",
                "decoupling",
                "interfaces",
                "interoperability",
                "standards"
            ],
            "time": "2019-11-18T17:27:11+00:00"
        }
    ],
    "packages-dev": [],
    "aliases": [],
    "minimum-stability": "stable",
    "stability-flags": {
        "limenius/liform": 20
    },
    "prefer-stable": false,
    "prefer-lowest": false,
    "platform": [],
    "platform-dev": []
}
